
Microsoft Visual Studio Solution File, Format Version 12.00
# Visual Studio 2013
VisualStudioVersion = 12.0.21005.1
MinimumVisualStudioVersion = 10.0.40219.1
Project("{FAE04EC0-301F-11D3-BF4B-00C04F79EFBC}") = "HD44780", "HD44780\HD44780.csproj", "{580CBF86-92AF-48EE-A92F-03752A9E29CB}"
EndProject
Global
	GlobalSection(SolutionConfigurationPlatforms) = preSolution
		Debug|Any CPU = Debug|Any CPU
		Release|Any CPU = Release|Any CPU
	EndGlobalSection
	GlobalSection(ProjectConfigurationPlatforms) = postSolution
		{580CBF86-92AF-48EE-A92F-03752A9E29CB}.Debug|Any CPU.ActiveCfg = Debug|Any CPU
		{580CBF86-92AF-48EE-A92F-03752A9E29CB}.Debug|Any CPU.Build.0 = Debug|Any CPU
		{580CBF86-92AF-48EE-A92F-03752A9E29CB}.Release|Any CPU.ActiveCfg = Release|Any CPU
		{580CBF86-92AF-48EE-A92F-03752A9E29CB}.Release|Any CPU.Build.0 = Release|Any CPU
	EndGlobalSection
	GlobalSection(SolutionProperties) = preSolution
		HideSolutionNode = FALSE
	EndGlobalSection
EndGlobal
